{
  "nodes": {
    "crane": {
      "locked": {
        "lastModified": 1748047550,
        "narHash": "sha256-t0qLLqb4C1rdtiY8IFRH5KIapTY/n3Lqt57AmxEv9mk=",
        "owner": "ipetkov",
        "repo": "crane",
        "rev": "b718a78696060df6280196a6f992d04c87a16aef",
        "type": "github"
      },
      "original": {
        "owner": "ipetkov",
        "repo": "crane",
        "type": "github"
      }
    },
    "fenix": {
      "inputs": {
        "nixpkgs": [
          "flox",
          "nixpkgs"
        ],
        "rust-analyzer-src": "rust-analyzer-src"
      },
      "locked": {
        "lastModified": 1757313768,
        "narHash": "sha256-HWd3/TgXubNWsGB9EgDocxSy2VR7k1kh97c3eAw/GDw=",
        "owner": "nix-community",
        "repo": "fenix",
        "rev": "7a988bb002e235030492c94666f46737d583fad1",
        "type": "github"
      },
      "original": {
        "owner": "nix-community",
        "repo": "fenix",
        "type": "github"
      }
    },
    "flake-compat": {
      "flake": false,
      "locked": {
        "lastModified": 1696426674,
        "narHash": "sha256-kvjfFW7WAETZlt09AgDn1MrtKzP7t90Vf7vypd3OL1U=",
        "owner": "edolstra",
        "repo": "flake-compat",
        "rev": "0f9255e01c2351cc7d116c072cb317785dd33b33",
        "type": "github"
      },
      "original": {
        "owner": "edolstra",
        "repo": "flake-compat",
        "type": "github"
      }
    },
    "flox": {
      "inputs": {
        "crane": "crane",
        "fenix": "fenix",
        "nixpkgs": [
          "nixpkgs"
        ],
        "pre-commit-hooks": "pre-commit-hooks"
      },
      "locked": {
        "lastModified": 1763133509,
        "narHash": "sha256-2Ut8lSVHDLOyG0RWI4h+imYv+IWL6HxQmzINIzD8zP0=",
        "owner": "flox",
        "repo": "flox",
        "rev": "3a8043e3cfb0ef1ddfd2f618d38efd474531cd81",
        "type": "github"
      },
      "original": {
        "owner": "flox",
        "ref": "latest",
        "repo": "flox",
        "type": "github"
      }
    },
    "gitignore": {
      "inputs": {
        "nixpkgs": [
          "flox",
          "pre-commit-hooks",
          "nixpkgs"
        ]
      },
      "locked": {
        "lastModified": 1709087332,
        "narHash": "sha256-HG2cCnktfHsKV0s4XW83gU3F57gaTljL9KNSuG6bnQs=",
        "owner": "hercules-ci",
        "repo": "gitignore.nix",
        "rev": "637db329424fd7e46cf4185293b9cc8c88c95394",
        "type": "github"
      },
      "original": {
        "owner": "hercules-ci",
        "repo": "gitignore.nix",
        "type": "github"
      }
    },
    "home-manager": {
      "inputs": {
        "nixpkgs": [
          "nixpkgs"
        ]
      },
      "locked": {
        "lastModified": 1764135300,
        "narHash": "sha256-5xOuutXM7UPTUcn3uDAD8UlPQsXmqPrX81cXoDOAGcA=",
        "owner": "nix-community",
        "repo": "home-manager",
        "rev": "f4cb25928fafa9ae68660fe71f730fc820a59028",
        "type": "github"
      },
      "original": {
        "owner": "nix-community",
        "repo": "home-manager",
        "type": "github"
      }
    },
    "nixpkgs": {
      "locked": {
        "lastModified": 1764983851,
        "narHash": "sha256-y7RPKl/jJ/KAP/VKLMghMgXTlvNIJMHKskl8/Uuar7o=",
        "owner": "nixos",
        "repo": "nixpkgs",
        "rev": "d9bc5c7dceb30d8d6fafa10aeb6aa8a48c218454",
        "type": "github"
      },
      "original": {
        "owner": "nixos",
        "ref": "nixos-25.11",
        "repo": "nixpkgs",
        "type": "github"
      }
    },
    "nixpkgs_2": {
      "locked": {
        "lastModified": 1763618868,
        "narHash": "sha256-v5afmLjn/uyD9EQuPBn7nZuaZVV9r+JerayK/4wvdWA=",
        "owner": "NixOS",
        "repo": "nixpkgs",
        "rev": "a8d610af3f1a5fb71e23e08434d8d61a466fc942",
        "type": "github"
      },
      "original": {
        "owner": "NixOS",
        "ref": "nixpkgs-unstable",
        "repo": "nixpkgs",
        "type": "github"
      }
    },
    "pre-commit-hooks": {
      "inputs": {
        "flake-compat": "flake-compat",
        "gitignore": "gitignore",
        "nixpkgs": [
          "flox",
          "nixpkgs"
        ]
      },
      "locked": {
        "lastModified": 1747372754,
        "narHash": "sha256-2Y53NGIX2vxfie1rOW0Qb86vjRZ7ngizoo+bnXU9D9k=",
        "owner": "cachix",
        "repo": "pre-commit-hooks.nix",
        "rev": "80479b6ec16fefd9c1db3ea13aeb038c60530f46",
        "type": "github"
      },
      "original": {
        "owner": "cachix",
        "repo": "pre-commit-hooks.nix",
        "type": "github"
      }
    },
    "root": {
      "inputs": {
        "flox": "flox",
        "home-manager": "home-manager",
        "nixpkgs": "nixpkgs",
        "sops-nix": "sops-nix",
        "zen-browser": "zen-browser"
      }
    },
    "rust-analyzer-src": {
      "flake": false,
      "locked": {
        "lastModified": 1757042294,
        "narHash": "sha256-JMLa0ZsbEd3+3E0/PQj/igVi9+pb98TgxaOEEw+t1bo=",
        "owner": "rust-lang",
        "repo": "rust-analyzer",
        "rev": "a53b44412d4643cdec41005129735b38737eb296",
        "type": "github"
      },
      "original": {
        "owner": "rust-lang",
        "ref": "nightly",
        "repo": "rust-analyzer",
        "type": "github"
      }
    },
    "sops-nix": {
      "inputs": {
        "nixpkgs": "nixpkgs_2"
      },
      "locked": {
        "lastModified": 1764021963,
        "narHash": "sha256-1m84V2ROwNEbqeS9t37/mkry23GBhfMt8qb6aHHmjuc=",
        "owner": "Mic92",
        "repo": "sops-nix",
        "rev": "c482a1c1bbe030be6688ed7dc84f7213f304f1ec",
        "type": "github"
      },
      "original": {
        "owner": "Mic92",
        "repo": "sops-nix",
        "type": "github"
      }
    },
    "zen-browser": {
      "inputs": {
        "nixpkgs": [
          "nixpkgs"
        ]
      },
      "locked": {
        "lastModified": 1764043759,
        "narHash": "sha256-E2rAiWTdrjSAciWELleI/fHoryzfxvA+ujvqZy3u2QA=",
        "owner": "youwen5",
        "repo": "zen-browser-flake",
        "rev": "482827614f573a2ec9dc17c8401889e536f0e7c1",
        "type": "github"
      },
      "original": {
        "owner": "youwen5",
        "repo": "zen-browser-flake",
        "type": "github"
      }
    }
  },
  "root": "root",
  "version": 7
}
